{
  "requires": true,
  "lockfileVersion": 1,
  "dependencies": {
    "react-table": {
      "version": "7.8.0",
      "resolved": "https://registry.npmjs.org/react-table/-/react-table-7.8.0.tgz",
      "integrity": "sha512-hNaz4ygkZO4bESeFfnfOft73iBUj8K5oKi1EcSHPAibEydfsX2MyU6Z8KCr3mv3C9Kqqh71U+DhZkFvibbnPbA=="
    }
  }
}
